Microsoft Visual Studio Solution File, Format Version 12.00
# Visual Studio Version 17
VisualStudioVersion = 17.5.2.0
MinimumVisualStudioVersion = 10.0.40219.1
Project("{FAE04EC0-301F-11D3-BF4B-00C04F79EFBC}") = "FoodHub", "FoodHub.csproj", "{96B9BEE8-7C4E-EAE4-CFC1-4D8A57CD83B6}"
EndProject
Global
	GlobalSection(SolutionConfigurationPlatforms) = preSolution
		Debug|Any CPU = Debug|Any CPU
		Release|Any CPU = Release|Any CPU
	EndGlobalSection
	GlobalSection(ProjectConfigurationPlatforms) = postSolution
		{96B9BEE8-7C4E-EAE4-CFC1-4D8A57CD83B6}.Debug|Any CPU.ActiveCfg = Debug|Any CPU
		{96B9BEE8-7C4E-EAE4-CFC1-4D8A57CD83B6}.Debug|Any CPU.Build.0 = Debug|Any CPU
		{96B9BEE8-7C4E-EAE4-CFC1-4D8A57CD83B6}.Release|Any CPU.ActiveCfg = Release|Any CPU
		{96B9BEE8-7C4E-EAE4-CFC1-4D8A57CD83B6}.Release|Any CPU.Build.0 = Release|Any CPU
	EndGlobalSection
	GlobalSection(SolutionProperties) = preSolution
		HideSolutionNode = FALSE
	EndGlobalSection
	GlobalSection(ExtensibilityGlobals) = postSolution
		SolutionGuid = {1D975EBF-7D69-45F3-BEF8-A2A3623871A4}
	EndGlobalSection
EndGlobal
